// !$*UTF8*$!
{
	archiveVersion = 1;
	classes = {
	};
	objectVersion = 46;
	objects = {

/* Begin PBXBuildFile section */
		6A3D8F2D1A9AC8C600715461 /* AppDelegate.swift in Sources */ = {isa = PBXBuildFile; fileRef = 6A3D8F2C1A9AC8C600715461 /* AppDelegate.swift */; };
		6A3D8F2F1A9AC8C600715461 /* RootViewController.swift in Sources */ = {isa = PBXBuildFile; fileRef = 6A3D8F2E1A9AC8C600715461 /* RootViewController.swift */; };
		6A3D8F311A9AC8C600715461 /* DataViewController.swift in Sources */ = {isa = PBXBuildFile; fileRef = 6A3D8F301A9AC8C600715461 /* DataViewController.swift */; };
		6A3D8F331A9AC8C600715461 /* ModelController.swift in Sources */ = {isa = PBXBuildFile; fileRef = 6A3D8F321A9AC8C600715461 /* ModelController.swift */; };
		6A3D8F361A9AC8C600715461 /* Main.storyboard in Resources */ = {isa = PBXBuildFile; fileRef = 6A3D8F341A9AC8C600715461 /* Main.storyboard */; };
		6A3D8F381A9AC8C600715461 /* Images.xcassets in Resources */ = {isa = PBXBuildFile; fileRef = 6A3D8F371A9AC8C600715461 /* Images.xcassets */; };
		6A3D8F3B1A9AC8C600715461 /* LaunchScreen.xib in Resources */ = {isa = PBXBuildFile; fileRef = 6A3D8F391A9AC8C600715461 /* LaunchScreen.xib */; };
		6A3D8F471A9AC8C600715461 /* MathamaniaTests.swift in Sources */ = {isa = PBXBuildFile; fileRef = 6A3D8F461A9AC8C600715461 /* MathamaniaTests.swift */; };
/* End PBXBuildFile section */

/* Begin PBXContainerItemProxy section */
		6A3D8F411A9AC8C600715461 /* PBXContainerItemProxy */ = {
			isa = PBXContainerItemProxy;
			containerPortal = 6A3D8F1F1A9AC8C600715461 /* Project object */;
			proxyType = 1;
			remoteGlobalIDString = 6A3D8F261A9AC8C600715461;
			remoteInfo = Mathamania;
		};
/* End PBXContainerItemProxy section */

/* Begin PBXFileReference section */
		6A3D8F271A9AC8C600715461 /* Mathamania.app */ = {isa = PBXFileReference; explicitFileType = wrapper.application; includeInIndex = 0; path = Mathamania.app; sourceTree = BUILT_PRODUCTS_DIR; };
		6A3D8F2B1A9AC8C600715461 /* Info.plist */ = {isa = PBXFileReference; lastKnownFileType = text.plist.xml; path = Info.plist; sourceTree = "<group>"; };
		6A3D8F2C1A9AC8C600715461 /* AppDelegate.swift */ = {isa = PBXFileReference; lastKnownFileType = sourcecode.swift; path = AppDelegate.swift; sourceTree = "<group>"; };
		6A3D8F2E1A9AC8C600715461 /* RootViewController.swift */ = {isa = PBXFileReference; lastKnownFileType = sourcecode.swift; path = RootViewController.swift; sourceTree = "<group>"; };
		6A3D8F301A9AC8C600715461 /* DataViewController.swift */ = {isa = PBXFileReference; lastKnownFileType = sourcecode.swift; path = DataViewController.swift; sourceTree = "<group>"; };
		6A3D8F321A9AC8C600715461 /* ModelController.swift */ = {isa = PBXFileReference; lastKnownFileType = sourcecode.swift; path = ModelController.swift; sourceTree = "<group>"; };
		6A3D8F351A9AC8C600715461 /* Base */ = {isa = PBXFileReference; lastKnownFileType = file.storyboard; name = Base; path = Base.lproj/Main.storyboard; sourceTree = "<group>"; };
		6A3D8F371A9AC8C600715461 /* Images.xcassets */ = {isa = PBXFileReference; lastKnownFileType = folder.assetcatalog; path = Images.xcassets; sourceTree = "<group>"; };
		6A3D8F3A1A9AC8C600715461 /* Base */ = {isa = PBXFileReference; lastKnownFileType = file.xib; name = Base; path = Base.lproj/LaunchScreen.xib; sourceTree = "<group>"; };
		6A3D8F401A9AC8C600715461 /* MathamaniaTests.xctest */ = {isa = PBXFileReference; explicitFileType = wrapper.cfbundle; includeInIndex = 0; path = MathamaniaTests.xctest; sourceTree = BUILT_PRODUCTS_DIR; };
		6A3D8F451A9AC8C600715461 /* Info.plist */ = {isa = PBXFileReference; lastKnownFileType = text.plist.xml; path = Info.plist; sourceTree = "<group>"; };
		6A3D8F461A9AC8C600715461 /* MathamaniaTests.swift */ = {isa = PBXFileReference; lastKnownFileType = sourcecode.swift; path = MathamaniaTests.swift; sourceTree = "<group>"; };
/* End PBXFileReference section */

/* Begin PBXFrameworksBuildPhase section */
		6A3D8F241A9AC8C600715461 /* Frameworks */ = {
			isa = PBXFrameworksBuildPhase;
			buildActionMask = 2147483647;
			files = (
			);
			runOnlyForDeploymentPostprocessing = 0;
		};
		6A3D8F3D1A9AC8C600715461 /* Frameworks */ = {
			isa = PBXFrameworksBuildPhase;
			buildActionMask = 2147483647;
			files = (
			);
			runOnlyForDeploymentPostprocessing = 0;
		};
/* End PBXFrameworksBuildPhase section */

/* Begin PBXGroup section */
		6A3D8F1E1A9AC8C600715461 = {
			isa = PBXGroup;
			children = (
				6A3D8F291A9AC8C600715461 /* Mathamania */,
				6A3D8F431A9AC8C600715461 /* MathamaniaTests */,
				6A3D8F281A9AC8C600715461 /* Products */,
			);
			sourceTree = "<group>";
		};
		6A3D8F281A9AC8C600715461 /* Products */ = {
			isa = PBXGroup;
			children = (
				6A3D8F271A9AC8C600715461 /* Mathamania.app */,
				6A3D8F401A9AC8C600715461 /* MathamaniaTests.xctest */,
			);
			name = Products;
			sourceTree = "<group>";
		};
		6A3D8F291A9AC8C600715461 /* Mathamania */ = {
			isa = PBXGroup;
			children = (
				6A3D8F2C1A9AC8C600715461 /* AppDelegate.swift */,
				6A3D8F2E1A9AC8C600715461 /* RootViewController.swift */,
				6A3D8F301A9AC8C600715461 /* DataViewController.swift */,
				6A3D8F321A9AC8C600715461 /* ModelController.swift */,
				6A3D8F341A9AC8C600715461 /* Main.storyboard */,
				6A3D8F371A9AC8C600715461 /* Images.xcassets */,
				6A3D8F391A9AC8C600715461 /* LaunchScreen.xib */,
				6A3D8F2A1A9AC8C600715461 /* Supporting Files */,
			);
			path = Mathamania;
			sourceTree = "<group>";
		};
		6A3D8F2A1A9AC8C600715461 /* Supporting Files */ = {
			isa = PBXGroup;
			children = (
				6A3D8F2B1A9AC8C600715461 /* Info.plist */,
			);
			name = "Supporting Files";
			sourceTree = "<group>";
		};
		6A3D8F431A9AC8C600715461 /* MathamaniaTests */ = {
			isa = PBXGroup;
			children = (
				6A3D8F461A9AC8C600715461 /* MathamaniaTests.swift */,
				6A3D8F441A9AC8C600715461 /* Supporting Files */,
			);
			path = MathamaniaTests;
			sourceTree = "<group>";
		};
		6A3D8F441A9AC8C600715461 /* Supporting Files */ = {
			isa = PBXGroup;
			children = (
				6A3D8F451A9AC8C600715461 /* Info.plist */,
			);
			name = "Supporting Files";
			sourceTree = "<group>";
		};
/* End PBXGroup section */

/* Begin PBXNativeTarget section */
		6A3D8F261A9AC8C600715461 /* Mathamania */ = {
			isa = PBXNativeTarget;
			buildConfigurationList = 6A3D8F4A1A9AC8C600715461 /* Build configuration list for PBXNativeTarget "Mathamania" */;
			buildPhases = (
				6A3D8F231A9AC8C600715461 /* Sources */,
				6A3D8F241A9AC8C600715461 /* Frameworks */,
				6A3D8F251A9AC8C600715461 /* Resources */,
			);
			buildRules = (
			);
			dependencies = (
			);
			name = Mathamania;
			productName = Mathamania;
			productReference = 6A3D8F271A9AC8C600715461 /* Mathamania.app */;
			productType = "com.apple.product-type.application";
		};
		6A3D8F3F1A9AC8C600715461 /* MathamaniaTests */ = {
			isa = PBXNativeTarget;
			buildConfigurationList = 6A3D8F4D1A9AC8C600715461 /* Build configuration list for PBXNativeTarget "MathamaniaTests" */;
			buildPhases = (
				6A3D8F3C1A9AC8C600715461 /* Sources */,
				6A3D8F3D1A9AC8C600715461 /* Frameworks */,
				6A3D8F3E1A9AC8C600715461 /* Resources */,
			);
			buildRules = (
			);
			dependencies = (
				6A3D8F421A9AC8C600715461 /* PBXTargetDependency */,
			);
			name = MathamaniaTests;
			productName = MathamaniaTests;
			productReference = 6A3D8F401A9AC8C600715461 /* MathamaniaTests.xctest */;
			productType = "com.apple.product-type.bundle.unit-test";
		};
/* End PBXNativeTarget section */

/* Begin PBXProject section */
		6A3D8F1F1A9AC8C600715461 /* Project object */ = {
			isa = PBXProject;
			attributes = {
				LastUpgradeCheck = 0610;
				ORGANIZATIONNAME = "Daniel King";
				TargetAttributes = {
					6A3D8F261A9AC8C600715461 = {
						CreatedOnToolsVersion = 6.1.1;
					};
					6A3D8F3F1A9AC8C600715461 = {
						CreatedOnToolsVersion = 6.1.1;
						TestTargetID = 6A3D8F261A9AC8C600715461;
					};
				};
			};
			buildConfigurationList = 6A3D8F221A9AC8C600715461 /* Build configuration list for PBXProject "Mathamania" */;
			compatibilityVersion = "Xcode 3.2";
			developmentRegion = English;
			hasScannedForEncodings = 0;
			knownRegions = (
				en,
				Base,
			);
			mainGroup = 6A3D8F1E1A9AC8C600715461;
			productRefGroup = 6A3D8F281A9AC8C600715461 /* Products */;
			projectDirPath = "";
			projectRoot = "";
			targets = (
				6A3D8F261A9AC8C600715461 /* Mathamania */,
				6A3D8F3F1A9AC8C600715461 /* MathamaniaTests */,
			);
		};
/* End PBXProject section */

/* Begin PBXResourcesBuildPhase section */
		6A3D8F251A9AC8C600715461 /* Resources */ = {
			isa = PBXResourcesBuildPhase;
			buildActionMask = 2147483647;
			files = (
				6A3D8F361A9AC8C600715461 /* Main.storyboard in Resources */,
				6A3D8F3B1A9AC8C600715461 /* LaunchScreen.xib in Resources */,
				6A3D8F381A9AC8C600715461 /* Images.xcassets in Resources */,
			);
			runOnlyForDeploymentPostprocessing = 0;
		};
		6A3D8F3E1A9AC8C600715461 /* Resources */ = {
			isa = PBXResourcesBuildPhase;
			buildActionMask = 2147483647;
			files = (
			);
			runOnlyForDeploymentPostprocessing = 0;
		};
/* End PBXResourcesBuildPhase section */

/* Begin PBXSourcesBuildPhase section */
		6A3D8F231A9AC8C600715461 /* Sources */ = {
			isa = PBXSourcesBuildPhase;
			buildActionMask = 2147483647;
			files = (
				6A3D8F2F1A9AC8C600715461 /* RootViewController.swift in Sources */,
				6A3D8F331A9AC8C600715461 /* ModelController.swift in Sources */,
				6A3D8F311A9AC8C600715461 /* DataViewController.swift in Sources */,
				6A3D8F2D1A9AC8C600715461 /* AppDelegate.swift in Sources */,
			);
			runOnlyForDeploymentPostprocessing = 0;
		};
		6A3D8F3C1A9AC8C600715461 /* Sources */ = {
			isa = PBXSourcesBuildPhase;
			buildActionMask = 2147483647;
			files = (
				6A3D8F471A9AC8C600715461 /* MathamaniaTests.swift in Sources */,
			);
			runOnlyForDeploymentPostprocessing = 0;
		};
/* End PBXSourcesBuildPhase section */

/* Begin PBXTargetDependency section */
		6A3D8F421A9AC8C600715461 /* PBXTargetDependency */ = {
			isa = PBXTargetDependency;
			target = 6A3D8F261A9AC8C600715461 /* Mathamania */;
			targetProxy = 6A3D8F411A9AC8C600715461 /* PBXContainerItemProxy */;
		};
/* End PBXTargetDependency section */

/* Begin PBXVariantGroup section */
		6A3D8F341A9AC8C600715461 /* Main.storyboard */ = {
			isa = PBXVariantGroup;
			children = (
				6A3D8F351A9AC8C600715461 /* Base */,
			);
			name = Main.storyboard;
			sourceTree = "<group>";
		};
		6A3D8F391A9AC8C600715461 /* LaunchScreen.xib */ = {
			isa = PBXVariantGroup;
			children = (
				6A3D8F3A1A9AC8C600715461 /* Base */,
			);
			name = LaunchScreen.xib;
			sourceTree = "<group>";
		};
/* End PBXVariantGroup section */

/* Begin XCBuildConfiguration section */
		6A3D8F481A9AC8C600715461 /* Debug */ = {
			isa = XCBuildConfiguration;
			buildSettings = {
				ALWAYS_SEARCH_USER_PATHS = NO;
				CLANG_CXX_LANGUAGE_STANDARD = "gnu++0x";
				CLANG_CXX_LIBRARY = "libc++";
				CLANG_ENABLE_MODULES = YES;
				CLANG_ENABLE_OBJC_ARC = YES;
				CLANG_WARN_BOOL_CONVERSION = YES;
				CLANG_WARN_CONSTANT_CONVERSION = YES;
				CLANG_WARN_DIRECT_OBJC_ISA_USAGE = YES_ERROR;
				CLANG_WARN_EMPTY_BODY = YES;
				CLANG_WARN_ENUM_CONVERSION = YES;
				CLANG_WARN_INT_CONVERSION = YES;
				CLANG_WARN_OBJC_ROOT_CLASS = YES_ERROR;
				CLANG_WARN_UNREACHABLE_CODE = YES;
				CLANG_WARN__DUPLICATE_METHOD_MATCH = YES;
				"CODE_SIGN_IDENTITY[sdk=iphoneos*]" = "iPhone Developer";
				COPY_PHASE_STRIP = NO;
				ENABLE_STRICT_OBJC_MSGSEND = YES;
				GCC_C_LANGUAGE_STANDARD = gnu99;
				GCC_DYNAMIC_NO_PIC = NO;
				GCC_OPTIMIZATION_LEVEL = 0;
				GCC_PREPROCESSOR_DEFINITIONS = (
					"DEBUG=1",
					"$(inherited)",
				);
				GCC_SYMBOLS_PRIVATE_EXTERN = NO;
				GCC_WARN_64_TO_32_BIT_CONVERSION = YES;
				GCC_WARN_ABOUT_RETURN_TYPE = YES_ERROR;
				GCC_WARN_UNDECLARED_SELECTOR = YES;
				GCC_WARN_UNINITIALIZED_AUTOS = YES_AGGRESSIVE;
				GCC_WARN_UNUSED_FUNCTION = YES;
				GCC_WARN_UNUSED_VARIABLE = YES;
				IPHONEOS_DEPLOYMENT_TARGET = 8.1;
				MTL_ENABLE_DEBUG_INFO = YES;
				ONLY_ACTIVE_ARCH = YES;
				SDKROOT = iphoneos;
				SWIFT_OPTIMIZATION_LEVEL = "-Onone";
				TARGETED_DEVICE_FAMILY = "1,2";
			};
			name = Debug;
		};
		6A3D8F491A9AC8C600715461 /* Release */ = {
			isa = XCBuildConfiguration;
			buildSettings = {
				ALWAYS_SEARCH_USER_PATHS = NO;
				CLANG_CXX_LANGUAGE_STANDARD = "gnu++0x";
				CLANG_CXX_LIBRARY = "libc++";
				CLANG_ENABLE_MODULES = YES;
				CLANG_ENABLE_OBJC_ARC = YES;
				CLANG_WARN_BOOL_CONVERSION = YES;
				CLANG_WARN_CONSTANT_CONVERSION = YES;
				CLANG_WARN_DIRECT_OBJC_ISA_USAGE = YES_ERROR;
				CLANG_WARN_EMPTY_BODY = YES;
				CLANG_WARN_ENUM_CONVERSION = YES;
				CLANG_WARN_INT_CONVERSION = YES;
				CLANG_WARN_OBJC_ROOT_CLASS = YES_ERROR;
				CLANG_WARN_UNREACHABLE_CODE = YES;
				CLANG_WARN__DUPLICATE_METHOD_MATCH = YES;
				"CODE_SIGN_IDENTITY[sdk=iphoneos*]" = "iPhone Developer";
				COPY_PHASE_STRIP = YES;
				ENABLE_NS_ASSERTIONS = NO;
				ENABLE_STRICT_OBJC_MSGSEND = YES;
				GCC_C_LANGUAGE_STANDARD = gnu99;
				GCC_WARN_64_TO_32_BIT_CONVERSION = YES;
				GCC_WARN_ABOUT_RETURN_TYPE = YES_ERROR;
				GCC_WARN_UNDECLARED_SELECTOR = YES;
				GCC_WARN_UNINITIALIZED_AUTOS = YES_AGGRESSIVE;
				GCC_WARN_UNUSED_FUNCTION = YES;
				GCC_WARN_UNUSED_VARIABLE = YES;
				IPHONEOS_DEPLOYMENT_TARGET = 8.1;
				MTL_ENABLE_DEBUG_INFO = NO;
				SDKROOT = iphoneos;
				TARGETED_DEVICE_FAMILY = "1,2";
				VALIDATE_PRODUCT = YES;
			};
			name = Release;
		};
		6A3D8F4B1A9AC8C600715461 /* Debug */ = {
			isa = XCBuildConfiguration;
			buildSettings = {
				ASSETCATALOG_COMPILER_APPICON_NAME = AppIcon;
				INFOPLIST_FILE = Mathamania/Info.plist;
				LD_RUNPATH_SEARCH_PATHS = "$(inherited) @executable_path/Frameworks";
				PRODUCT_NAME = "$(TARGET_NAME)";
			};
			name = Debug;
		};
		6A3D8F4C1A9AC8C600715461 /* Release */ = {
			isa = XCBuildConfiguration;
			buildSettings = {
				ASSETCATALOG_COMPILER_APPICON_NAME = AppIcon;
				INFOPLIST_FILE = Mathamania/Info.plist;
				LD_RUNPATH_SEARCH_PATHS = "$(inherited) @executable_path/Frameworks";
				PRODUCT_NAME = "$(TARGET_NAME)";
			};
			name = Release;
		};
		6A3D8F4E1A9AC8C600715461 /* Debug */ = {
			isa = XCBuildConfiguration;
			buildSettings = {
				BUNDLE_LOADER = "$(TEST_HOST)";
				FRAMEWORK_SEARCH_PATHS = (
					"$(SDKROOT)/Developer/Library/Frameworks",
					"$(inherited)",
				);
				GCC_PREPROCESSOR_DEFINITIONS = (
					"DEBUG=1",
					"$(inherited)",
				);
				INFOPLIST_FILE = MathamaniaTests/Info.plist;
				LD_RUNPATH_SEARCH_PATHS = "$(inherited) @executable_path/Frameworks @loader_path/Frameworks";
				PRODUCT_NAME = "$(TARGET_NAME)";
				TEST_HOST = "$(BUILT_PRODUCTS_DIR)/Mathamania.app/Mathamania";
			};
			name = Debug;
		};
		6A3D8F4F1A9AC8C600715461 /* Release */ = {
			isa = XCBuildConfiguration;
			buildSettings = {
				BUNDLE_LOADER = "$(TEST_HOST)";
				FRAMEWORK_SEARCH_PATHS = (
					"$(SDKROOT)/Developer/Library/Frameworks",
					"$(inherited)",
				);
				INFOPLIST_FILE = MathamaniaTests/Info.plist;
				LD_RUNPATH_SEARCH_PATHS = "$(inherited) @executable_path/Frameworks @loader_path/Frameworks";
				PRODUCT_NAME = "$(TARGET_NAME)";
				TEST_HOST = "$(BUILT_PRODUCTS_DIR)/Mathamania.app/Mathamania";
			};
			name = Release;
		};
/* End XCBuildConfiguration section */

/* Begin XCConfigurationList section */
		6A3D8F221A9AC8C600715461 /* Build configuration list for PBXProject "Mathamania" */ = {
			isa = XCConfigurationList;
			buildConfigurations = (
				6A3D8F481A9AC8C600715461 /* Debug */,
				6A3D8F491A9AC8C600715461 /* Release */,
			);
			defaultConfigurationIsVisible = 0;
			defaultConfigurationName = Release;
		};
		6A3D8F4A1A9AC8C600715461 /* Build configuration list for PBXNativeTarget "Mathamania" */ = {
			isa = XCConfigurationList;
			buildConfigurations = (
				6A3D8F4B1A9AC8C600715461 /* Debug */,
				6A3D8F4C1A9AC8C600715461 /* Release */,
			);
			defaultConfigurationIsVisible = 0;
		};
		6A3D8F4D1A9AC8C600715461 /* Build configuration list for PBXNativeTarget "MathamaniaTests" */ = {
			isa = XCConfigurationList;
			buildConfigurations = (
				6A3D8F4E1A9AC8C600715461 /* Debug */,
				6A3D8F4F1A9AC8C600715461 /* Release */,
			);
			defaultConfigurationIsVisible = 0;
		};
/* End XCConfigurationList section */
	};
	rootObject = 6A3D8F1F1A9AC8C600715461 /* Project object */;
}
